// !$*UTF8*$!
{
	archiveVersion = 1;
	classes = {
	};
	objectVersion = 50;
	objects = {

/* Begin PBXBuildFile section */
		BB432D8C25FB761F00F1B12B /* sidebarApp.swift in Sources */ = {isa = PBXBuildFile; fileRef = BB432D8B25FB761F00F1B12B /* sidebarApp.swift */; };
		BB432D8E25FB761F00F1B12B /* ContentView.swift in Sources */ = {isa = PBXBuildFile; fileRef = BB432D8D25FB761F00F1B12B /* ContentView.swift */; };
		BB432D9025FB762000F1B12B /* Assets.xcassets in Resources */ = {isa = PBXBuildFile; fileRef = BB432D8F25FB762000F1B12B /* Assets.xcassets */; };
		BB432D9325FB762000F1B12B /* Preview Assets.xcassets in Resources */ = {isa = PBXBuildFile; fileRef = BB432D9225FB762000F1B12B /* Preview Assets.xcassets */; };
		BB432D9E25FB762000F1B12B /* sidebarTests.swift in Sources */ = {isa = PBXBuildFile; fileRef = BB432D9D25FB762000F1B12B /* sidebarTests.swift */; };
		BB432DA925FB762000F1B12B /* sidebarUITests.swift in Sources */ = {isa = PBXBuildFile; fileRef = BB432DA825FB762000F1B12B /* sidebarUITests.swift */; };
		BB432DBA25FB7DC500F1B12B /* SideMenuView.swift in Sources */ = {isa = PBXBuildFile; fileRef = BB432DB925FB7DC500F1B12B /* SideMenuView.swift */; };
		BB432DC725FB7E4800F1B12B /* sideMenuHeaderView.swift in Sources */ = {isa = PBXBuildFile; fileRef = BB432DC625FB7E4800F1B12B /* sideMenuHeaderView.swift */; };
		BB432DCF25FB7E6200F1B12B /* sideMenuOption.swift in Sources */ = {isa = PBXBuildFile; fileRef = BB432DCE25FB7E6200F1B12B /* sideMenuOption.swift */; };
		BB432DD425FB7E8900F1B12B /* sideMenuView.swift in Sources */ = {isa = PBXBuildFile; fileRef = BB432DD325FB7E8900F1B12B /* sideMenuView.swift */; };
/* End PBXBuildFile section */

/* Begin PBXContainerItemProxy section */
		BB432D9A25FB762000F1B12B /* PBXContainerItemProxy */ = {
			isa = PBXContainerItemProxy;
			containerPortal = BB432D8025FB761F00F1B12B /* Project object */;
			proxyType = 1;
			remoteGlobalIDString = BB432D8725FB761F00F1B12B;
			remoteInfo = sidebar;
		};
		BB432DA525FB762000F1B12B /* PBXContainerItemProxy */ = {
			isa = PBXContainerItemProxy;
			containerPortal = BB432D8025FB761F00F1B12B /* Project object */;
			proxyType = 1;
			remoteGlobalIDString = BB432D8725FB761F00F1B12B;
			remoteInfo = sidebar;
		};
/* End PBXContainerItemProxy section */

/* Begin PBXFileReference section */
		BB432D8825FB761F00F1B12B /* sidebar.app */ = {isa = PBXFileReference; explicitFileType = wrapper.application; includeInIndex = 0; path = sidebar.app; sourceTree = BUILT_PRODUCTS_DIR; };
		BB432D8B25FB761F00F1B12B /* sidebarApp.swift */ = {isa = PBXFileReference; lastKnownFileType = sourcecode.swift; path = sidebarApp.swift; sourceTree = "<group>"; };
		BB432D8D25FB761F00F1B12B /* ContentView.swift */ = {isa = PBXFileReference; lastKnownFileType = sourcecode.swift; path = ContentView.swift; sourceTree = "<group>"; };
		BB432D8F25FB762000F1B12B /* Assets.xcassets */ = {isa = PBXFileReference; lastKnownFileType = folder.assetcatalog; path = Assets.xcassets; sourceTree = "<group>"; };
		BB432D9225FB762000F1B12B /* Preview Assets.xcassets */ = {isa = PBXFileReference; lastKnownFileType = folder.assetcatalog; path = "Preview Assets.xcassets"; sourceTree = "<group>"; };
		BB432D9425FB762000F1B12B /* Info.plist */ = {isa = PBXFileReference; lastKnownFileType = text.plist.xml; path = Info.plist; sourceTree = "<group>"; };
		BB432D9925FB762000F1B12B /* sidebarTests.xctest */ = {isa = PBXFileReference; explicitFileType = wrapper.cfbundle; includeInIndex = 0; path = sidebarTests.xctest; sourceTree = BUILT_PRODUCTS_DIR; };
		BB432D9D25FB762000F1B12B /* sidebarTests.swift */ = {isa = PBXFileReference; lastKnownFileType = sourcecode.swift; path = sidebarTests.swift; sourceTree = "<group>"; };
		BB432D9F25FB762000F1B12B /* Info.plist */ = {isa = PBXFileReference; lastKnownFileType = text.plist.xml; path = Info.plist; sourceTree = "<group>"; };
		BB432DA425FB762000F1B12B /* sidebarUITests.xctest */ = {isa = PBXFileReference; explicitFileType = wrapper.cfbundle; includeInIndex = 0; path = sidebarUITests.xctest; sourceTree = BUILT_PRODUCTS_DIR; };
		BB432DA825FB762000F1B12B /* sidebarUITests.swift */ = {isa = PBXFileReference; lastKnownFileType = sourcecode.swift; path = sidebarUITests.swift; sourceTree = "<group>"; };
		BB432DAA25FB762000F1B12B /* Info.plist */ = {isa = PBXFileReference; lastKnownFileType = text.plist.xml; path = Info.plist; sourceTree = "<group>"; };
		BB432DB925FB7DC500F1B12B /* SideMenuView.swift */ = {isa = PBXFileReference; lastKnownFileType = sourcecode.swift; path = SideMenuView.swift; sourceTree = "<group>"; };
		BB432DC625FB7E4800F1B12B /* sideMenuHeaderView.swift */ = {isa = PBXFileReference; lastKnownFileType = sourcecode.swift; path = sideMenuHeaderView.swift; sourceTree = "<group>"; };
		BB432DCE25FB7E6200F1B12B /* sideMenuOption.swift */ = {isa = PBXFileReference; lastKnownFileType = sourcecode.swift; path = sideMenuOption.swift; sourceTree = "<group>"; };
		BB432DD325FB7E8900F1B12B /* sideMenuView.swift */ = {isa = PBXFileReference; lastKnownFileType = sourcecode.swift; name = sideMenuView.swift; path = ../sideMenuView.swift; sourceTree = "<group>"; };
/* End PBXFileReference section */

/* Begin PBXFrameworksBuildPhase section */
		BB432D8525FB761F00F1B12B /* Frameworks */ = {
			isa = PBXFrameworksBuildPhase;
			buildActionMask = 2147483647;
			files = (
			);
			runOnlyForDeploymentPostprocessing = 0;
		};
		BB432D9625FB762000F1B12B /* Frameworks */ = {
			isa = PBXFrameworksBuildPhase;
			buildActionMask = 2147483647;
			files = (
			);
			runOnlyForDeploymentPostprocessing = 0;
		};
		BB432DA125FB762000F1B12B /* Frameworks */ = {
			isa = PBXFrameworksBuildPhase;
			buildActionMask = 2147483647;
			files = (
			);
			runOnlyForDeploymentPostprocessing = 0;
		};
/* End PBXFrameworksBuildPhase section */

/* Begin PBXGroup section */
		BB432D7F25FB761F00F1B12B = {
			isa = PBXGroup;
			children = (
				BB432D8A25FB761F00F1B12B /* sidebar */,
				BB432D9C25FB762000F1B12B /* sidebarTests */,
				BB432DA725FB762000F1B12B /* sidebarUITests */,
				BB432D8925FB761F00F1B12B /* Products */,
			);
			sourceTree = "<group>";
		};
		BB432D8925FB761F00F1B12B /* Products */ = {
			isa = PBXGroup;
			children = (
				BB432D8825FB761F00F1B12B /* sidebar.app */,
				BB432D9925FB762000F1B12B /* sidebarTests.xctest */,
				BB432DA425FB762000F1B12B /* sidebarUITests.xctest */,
			);
			name = Products;
			sourceTree = "<group>";
		};
		BB432D8A25FB761F00F1B12B /* sidebar */ = {
			isa = PBXGroup;
			children = (
				BB432D8B25FB761F00F1B12B /* sidebarApp.swift */,
				BB432D8D25FB761F00F1B12B /* ContentView.swift */,
				BB432D8F25FB762000F1B12B /* Assets.xcassets */,
				BB432D9425FB762000F1B12B /* Info.plist */,
				BB432D9125FB762000F1B12B /* Preview Content */,
			);
			path = sidebar;
			sourceTree = "<group>";
		};
		BB432D9125FB762000F1B12B /* Preview Content */ = {
			isa = PBXGroup;
			children = (
				BB432DB925FB7DC500F1B12B /* SideMenuView.swift */,
				BB432DCE25FB7E6200F1B12B /* sideMenuOption.swift */,
				BB432DC625FB7E4800F1B12B /* sideMenuHeaderView.swift */,
				BB432DD325FB7E8900F1B12B /* sideMenuView.swift */,
				BB432D9225FB762000F1B12B /* Preview Assets.xcassets */,
			);
			path = "Preview Content";
			sourceTree = "<group>";
		};
		BB432D9C25FB762000F1B12B /* sidebarTests */ = {
			isa = PBXGroup;
			children = (
				BB432D9D25FB762000F1B12B /* sidebarTests.swift */,
				BB432D9F25FB762000F1B12B /* Info.plist */,
			);
			path = sidebarTests;
			sourceTree = "<group>";
		};
		BB432DA725FB762000F1B12B /* sidebarUITests */ = {
			isa = PBXGroup;
			children = (
				BB432DA825FB762000F1B12B /* sidebarUITests.swift */,
				BB432DAA25FB762000F1B12B /* Info.plist */,
			);
			path = sidebarUITests;
			sourceTree = "<group>";
		};
/* End PBXGroup section */

/* Begin PBXNativeTarget section */
		BB432D8725FB761F00F1B12B /* sidebar */ = {
			isa = PBXNativeTarget;
			buildConfigurationList = BB432DAD25FB762000F1B12B /* Build configuration list for PBXNativeTarget "sidebar" */;
			buildPhases = (
				BB432D8425FB761F00F1B12B /* Sources */,
				BB432D8525FB761F00F1B12B /* Frameworks */,
				BB432D8625FB761F00F1B12B /* Resources */,
			);
			buildRules = (
			);
			dependencies = (
			);
			name = sidebar;
			productName = sidebar;
			productReference = BB432D8825FB761F00F1B12B /* sidebar.app */;
			productType = "com.apple.product-type.application";
		};
		BB432D9825FB762000F1B12B /* sidebarTests */ = {
			isa = PBXNativeTarget;
			buildConfigurationList = BB432DB025FB762000F1B12B /* Build configuration list for PBXNativeTarget "sidebarTests" */;
			buildPhases = (
				BB432D9525FB762000F1B12B /* Sources */,
				BB432D9625FB762000F1B12B /* Frameworks */,
				BB432D9725FB762000F1B12B /* Resources */,
			);
			buildRules = (
			);
			dependencies = (
				BB432D9B25FB762000F1B12B /* PBXTargetDependency */,
			);
			name = sidebarTests;
			productName = sidebarTests;
			productReference = BB432D9925FB762000F1B12B /* sidebarTests.xctest */;
			productType = "com.apple.product-type.bundle.unit-test";
		};
		BB432DA325FB762000F1B12B /* sidebarUITests */ = {
			isa = PBXNativeTarget;
			buildConfigurationList = BB432DB325FB762000F1B12B /* Build configuration list for PBXNativeTarget "sidebarUITests" */;
			buildPhases = (
				BB432DA025FB762000F1B12B /* Sources */,
				BB432DA125FB762000F1B12B /* Frameworks */,
				BB432DA225FB762000F1B12B /* Resources */,
			);
			buildRules = (
			);
			dependencies = (
				BB432DA625FB762000F1B12B /* PBXTargetDependency */,
			);
			name = sidebarUITests;
			productName = sidebarUITests;
			productReference = BB432DA425FB762000F1B12B /* sidebarUITests.xctest */;
			productType = "com.apple.product-type.bundle.ui-testing";
		};
/* End PBXNativeTarget section */

/* Begin PBXProject section */
		BB432D8025FB761F00F1B12B /* Project object */ = {
			isa = PBXProject;
			attributes = {
				LastSwiftUpdateCheck = 1240;
				LastUpgradeCheck = 1240;
				TargetAttributes = {
					BB432D8725FB761F00F1B12B = {
						CreatedOnToolsVersion = 12.4;
					};
					BB432D9825FB762000F1B12B = {
						CreatedOnToolsVersion = 12.4;
						TestTargetID = BB432D8725FB761F00F1B12B;
					};
					BB432DA325FB762000F1B12B = {
						CreatedOnToolsVersion = 12.4;
						TestTargetID = BB432D8725FB761F00F1B12B;
					};
				};
			};
			buildConfigurationList = BB432D8325FB761F00F1B12B /* Build configuration list for PBXProject "sidebar" */;
			compatibilityVersion = "Xcode 9.3";
			developmentRegion = en;
			hasScannedForEncodings = 0;
			knownRegions = (
				en,
				Base,
			);
			mainGroup = BB432D7F25FB761F00F1B12B;
			productRefGroup = BB432D8925FB761F00F1B12B /* Products */;
			projectDirPath = "";
			projectRoot = "";
			targets = (
				BB432D8725FB761F00F1B12B /* sidebar */,
				BB432D9825FB762000F1B12B /* sidebarTests */,
				BB432DA325FB762000F1B12B /* sidebarUITests */,
			);
		};
/* End PBXProject section */

/* Begin PBXResourcesBuildPhase section */
		BB432D8625FB761F00F1B12B /* Resources */ = {
			isa = PBXResourcesBuildPhase;
			buildActionMask = 2147483647;
			files = (
				BB432D9325FB762000F1B12B /* Preview Assets.xcassets in Resources */,
				BB432D9025FB762000F1B12B /* Assets.xcassets in Resources */,
			);
			runOnlyForDeploymentPostprocessing = 0;
		};
		BB432D9725FB762000F1B12B /* Resources */ = {
			isa = PBXResourcesBuildPhase;
			buildActionMask = 2147483647;
			files = (
			);
			runOnlyForDeploymentPostprocessing = 0;
		};
		BB432DA225FB762000F1B12B /* Resources */ = {
			isa = PBXResourcesBuildPhase;
			buildActionMask = 2147483647;
			files = (
			);
			runOnlyForDeploymentPostprocessing = 0;
		};
/* End PBXResourcesBuildPhase section */

/* Begin PBXSourcesBuildPhase section */
		BB432D8425FB761F00F1B12B /* Sources */ = {
			isa = PBXSourcesBuildPhase;
			buildActionMask = 2147483647;
			files = (
				BB432DBA25FB7DC500F1B12B /* SideMenuView.swift in Sources */,
				BB432DC725FB7E4800F1B12B /* sideMenuHeaderView.swift in Sources */,
				BB432D8E25FB761F00F1B12B /* ContentView.swift in Sources */,
				BB432D8C25FB761F00F1B12B /* sidebarApp.swift in Sources */,
				BB432DD425FB7E8900F1B12B /* sideMenuView.swift in Sources */,
				BB432DCF25FB7E6200F1B12B /* sideMenuOption.swift in Sources */,
			);
			runOnlyForDeploymentPostprocessing = 0;
		};
		BB432D9525FB762000F1B12B /* Sources */ = {
			isa = PBXSourcesBuildPhase;
			buildActionMask = 2147483647;
			files = (
				BB432D9E25FB762000F1B12B /* sidebarTests.swift in Sources */,
			);
			runOnlyForDeploymentPostprocessing = 0;
		};
		BB432DA025FB762000F1B12B /* Sources */ = {
			isa = PBXSourcesBuildPhase;
			buildActionMask = 2147483647;
			files = (
				BB432DA925FB762000F1B12B /* sidebarUITests.swift in Sources */,
			);
			runOnlyForDeploymentPostprocessing = 0;
		};
/* End PBXSourcesBuildPhase section */

/* Begin PBXTargetDependency section */
		BB432D9B25FB762000F1B12B /* PBXTargetDependency */ = {
			isa = PBXTargetDependency;
			target = BB432D8725FB761F00F1B12B /* sidebar */;
			targetProxy = BB432D9A25FB762000F1B12B /* PBXContainerItemProxy */;
		};
		BB432DA625FB762000F1B12B /* PBXTargetDependency */ = {
			isa = PBXTargetDependency;
			target = BB432D8725FB761F00F1B12B /* sidebar */;
			targetProxy = BB432DA525FB762000F1B12B /* PBXContainerItemProxy */;
		};
/* End PBXTargetDependency section */

/* Begin XCBuildConfiguration section */
		BB432DAB25FB762000F1B12B /* Debug */ = {
			isa = XCBuildConfiguration;
			buildSettings = {
				ALWAYS_SEARCH_USER_PATHS = NO;
				CLANG_ANALYZER_NONNULL = YES;
				CLANG_ANALYZER_NUMBER_OBJECT_CONVERSION = YES_AGGRESSIVE;
				CLANG_CXX_LANGUAGE_STANDARD = "gnu++14";
				CLANG_CXX_LIBRARY = "libc++";
				CLANG_ENABLE_MODULES = YES;
				CLANG_ENABLE_OBJC_ARC = YES;
				CLANG_ENABLE_OBJC_WEAK = YES;
				CLANG_WARN_BLOCK_CAPTURE_AUTORELEASING = YES;
				CLANG_WARN_BOOL_CONVERSION = YES;
				CLANG_WARN_COMMA = YES;
				CLANG_WARN_CONSTANT_CONVERSION = YES;
				CLANG_WARN_DEPRECATED_OBJC_IMPLEMENTATIONS = YES;
				CLANG_WARN_DIRECT_OBJC_ISA_USAGE = YES_ERROR;
				CLANG_WARN_DOCUMENTATION_COMMENTS = YES;
				CLANG_WARN_EMPTY_BODY = YES;
				CLANG_WARN_ENUM_CONVERSION = YES;
				CLANG_WARN_INFINITE_RECURSION = YES;
				CLANG_WARN_INT_CONVERSION = YES;
				CLANG_WARN_NON_LITERAL_NULL_CONVERSION = YES;
				CLANG_WARN_OBJC_IMPLICIT_RETAIN_SELF = YES;
				CLANG_WARN_OBJC_LITERAL_CONVERSION = YES;
				CLANG_WARN_OBJC_ROOT_CLASS = YES_ERROR;
				CLANG_WARN_QUOTED_INCLUDE_IN_FRAMEWORK_HEADER = YES;
				CLANG_WARN_RANGE_LOOP_ANALYSIS = YES;
				CLANG_WARN_STRICT_PROTOTYPES = YES;
				CLANG_WARN_SUSPICIOUS_MOVE = YES;
				CLANG_WARN_UNGUARDED_AVAILABILITY = YES_AGGRESSIVE;
				CLANG_WARN_UNREACHABLE_CODE = YES;
				CLANG_WARN__DUPLICATE_METHOD_MATCH = YES;
				COPY_PHASE_STRIP = NO;
				DEBUG_INFORMATION_FORMAT = dwarf;
				ENABLE_STRICT_OBJC_MSGSEND = YES;
				ENABLE_TESTABILITY = YES;
				GCC_C_LANGUAGE_STANDARD = gnu11;
				GCC_DYNAMIC_NO_PIC = NO;
				GCC_NO_COMMON_BLOCKS = YES;
				GCC_OPTIMIZATION_LEVEL = 0;
				GCC_PREPROCESSOR_DEFINITIONS = (
					"DEBUG=1",
					"$(inherited)",
				);
				GCC_WARN_64_TO_32_BIT_CONVERSION = YES;
				GCC_WARN_ABOUT_RETURN_TYPE = YES_ERROR;
				GCC_WARN_UNDECLARED_SELECTOR = YES;
				GCC_WARN_UNINITIALIZED_AUTOS = YES_AGGRESSIVE;
				GCC_WARN_UNUSED_FUNCTION = YES;
				GCC_WARN_UNUSED_VARIABLE = YES;
				IPHONEOS_DEPLOYMENT_TARGET = 14.4;
				MTL_ENABLE_DEBUG_INFO = INCLUDE_SOURCE;
				MTL_FAST_MATH = YES;
				ONLY_ACTIVE_ARCH = YES;
				SDKROOT = iphoneos;
				SWIFT_ACTIVE_COMPILATION_CONDITIONS = DEBUG;
				SWIFT_OPTIMIZATION_LEVEL = "-Onone";
			};
			name = Debug;
		};
		BB432DAC25FB762000F1B12B /* Release */ = {
			isa = XCBuildConfiguration;
			buildSettings = {
				ALWAYS_SEARCH_USER_PATHS = NO;
				CLANG_ANALYZER_NONNULL = YES;
				CLANG_ANALYZER_NUMBER_OBJECT_CONVERSION = YES_AGGRESSIVE;
				CLANG_CXX_LANGUAGE_STANDARD = "gnu++14";
				CLANG_CXX_LIBRARY = "libc++";
				CLANG_ENABLE_MODULES = YES;
				CLANG_ENABLE_OBJC_ARC = YES;
				CLANG_ENABLE_OBJC_WEAK = YES;
				CLANG_WARN_BLOCK_CAPTURE_AUTORELEASING = YES;
				CLANG_WARN_BOOL_CONVERSION = YES;
				CLANG_WARN_COMMA = YES;
				CLANG_WARN_CONSTANT_CONVERSION = YES;
				CLANG_WARN_DEPRECATED_OBJC_IMPLEMENTATIONS = YES;
				CLANG_WARN_DIRECT_OBJC_ISA_USAGE = YES_ERROR;
				CLANG_WARN_DOCUMENTATION_COMMENTS = YES;
				CLANG_WARN_EMPTY_BODY = YES;
				CLANG_WARN_ENUM_CONVERSION = YES;
				CLANG_WARN_INFINITE_RECURSION = YES;
				CLANG_WARN_INT_CONVERSION = YES;
				CLANG_WARN_NON_LITERAL_NULL_CONVERSION = YES;
				CLANG_WARN_OBJC_IMPLICIT_RETAIN_SELF = YES;
				CLANG_WARN_OBJC_LITERAL_CONVERSION = YES;
				CLANG_WARN_OBJC_ROOT_CLASS = YES_ERROR;
				CLANG_WARN_QUOTED_INCLUDE_IN_FRAMEWORK_HEADER = YES;
				CLANG_WARN_RANGE_LOOP_ANALYSIS = YES;
				CLANG_WARN_STRICT_PROTOTYPES = YES;
				CLANG_WARN_SUSPICIOUS_MOVE = YES;
				CLANG_WARN_UNGUARDED_AVAILABILITY = YES_AGGRESSIVE;
				CLANG_WARN_UNREACHABLE_CODE = YES;
				CLANG_WARN__DUPLICATE_METHOD_MATCH = YES;
				COPY_PHASE_STRIP = NO;
				DEBUG_INFORMATION_FORMAT = "dwarf-with-dsym";
				ENABLE_NS_ASSERTIONS = NO;
				ENABLE_STRICT_OBJC_MSGSEND = YES;
				GCC_C_LANGUAGE_STANDARD = gnu11;
				GCC_NO_COMMON_BLOCKS = YES;
				GCC_WARN_64_TO_32_BIT_CONVERSION = YES;
				GCC_WARN_ABOUT_RETURN_TYPE = YES_ERROR;
				GCC_WARN_UNDECLARED_SELECTOR = YES;
				GCC_WARN_UNINITIALIZED_AUTOS = YES_AGGRESSIVE;
				GCC_WARN_UNUSED_FUNCTION = YES;
				GCC_WARN_UNUSED_VARIABLE = YES;
				IPHONEOS_DEPLOYMENT_TARGET = 14.4;
				MTL_ENABLE_DEBUG_INFO = NO;
				MTL_FAST_MATH = YES;
				SDKROOT = iphoneos;
				SWIFT_COMPILATION_MODE = wholemodule;
				SWIFT_OPTIMIZATION_LEVEL = "-O";
				VALIDATE_PRODUCT = YES;
			};
			name = Release;
		};
		BB432DAE25FB762000F1B12B /* Debug */ = {
			isa = XCBuildConfiguration;
			buildSettings = {
				ASSETCATALOG_COMPILER_APPICON_NAME = AppIcon;
				ASSETCATALOG_COMPILER_GLOBAL_ACCENT_COLOR_NAME = AccentColor;
				CODE_SIGN_STYLE = Automatic;
				DEVELOPMENT_ASSET_PATHS = "\"sidebar/Preview Content\"";
				ENABLE_PREVIEWS = YES;
				INFOPLIST_FILE = sidebar/Info.plist;
				IPHONEOS_DEPLOYMENT_TARGET = 14.0;
				LD_RUNPATH_SEARCH_PATHS = (
					"$(inherited)",
					"@executable_path/Frameworks",
				);
				PRODUCT_BUNDLE_IDENTIFIER = com.appsquadz.sidebar;
				PRODUCT_NAME = "$(TARGET_NAME)";
				SWIFT_VERSION = 5.0;
				TARGETED_DEVICE_FAMILY = "1,2";
			};
			name = Debug;
		};
		BB432DAF25FB762000F1B12B /* Release */ = {
			isa = XCBuildConfiguration;
			buildSettings = {
				ASSETCATALOG_COMPILER_APPICON_NAME = AppIcon;
				ASSETCATALOG_COMPILER_GLOBAL_ACCENT_COLOR_NAME = AccentColor;
				CODE_SIGN_STYLE = Automatic;
				DEVELOPMENT_ASSET_PATHS = "\"sidebar/Preview Content\"";
				ENABLE_PREVIEWS = YES;
				INFOPLIST_FILE = sidebar/Info.plist;
				IPHONEOS_DEPLOYMENT_TARGET = 14.0;
				LD_RUNPATH_SEARCH_PATHS = (
					"$(inherited)",
					"@executable_path/Frameworks",
				);
				PRODUCT_BUNDLE_IDENTIFIER = com.appsquadz.sidebar;
				PRODUCT_NAME = "$(TARGET_NAME)";
				SWIFT_VERSION = 5.0;
				TARGETED_DEVICE_FAMILY = "1,2";
			};
			name = Release;
		};
		BB432DB125FB762000F1B12B /* Debug */ = {
			isa = XCBuildConfiguration;
			buildSettings = {
				ALWAYS_EMBED_SWIFT_STANDARD_LIBRARIES = YES;
				BUNDLE_LOADER = "$(TEST_HOST)";
				CODE_SIGN_STYLE = Automatic;
				INFOPLIST_FILE = sidebarTests/Info.plist;
				IPHONEOS_DEPLOYMENT_TARGET = 14.0;
				LD_RUNPATH_SEARCH_PATHS = (
					"$(inherited)",
					"@executable_path/Frameworks",
					"@loader_path/Frameworks",
				);
				PRODUCT_BUNDLE_IDENTIFIER = com.appsquadz.sidebarTests;
				PRODUCT_NAME = "$(TARGET_NAME)";
				SWIFT_VERSION = 5.0;
				TARGETED_DEVICE_FAMILY = "1,2";
				TEST_HOST = "$(BUILT_PRODUCTS_DIR)/sidebar.app/sidebar";
			};
			name = Debug;
		};
		BB432DB225FB762000F1B12B /* Release */ = {
			isa = XCBuildConfiguration;
			buildSettings = {
				ALWAYS_EMBED_SWIFT_STANDARD_LIBRARIES = YES;
				BUNDLE_LOADER = "$(TEST_HOST)";
				CODE_SIGN_STYLE = Automatic;
				INFOPLIST_FILE = sidebarTests/Info.plist;
				IPHONEOS_DEPLOYMENT_TARGET = 14.0;
				LD_RUNPATH_SEARCH_PATHS = (
					"$(inherited)",
					"@executable_path/Frameworks",
					"@loader_path/Frameworks",
				);
				PRODUCT_BUNDLE_IDENTIFIER = com.appsquadz.sidebarTests;
				PRODUCT_NAME = "$(TARGET_NAME)";
				SWIFT_VERSION = 5.0;
				TARGETED_DEVICE_FAMILY = "1,2";
				TEST_HOST = "$(BUILT_PRODUCTS_DIR)/sidebar.app/sidebar";
			};
			name = Release;
		};
		BB432DB425FB762000F1B12B /* Debug */ = {
			isa = XCBuildConfiguration;
			buildSettings = {
				ALWAYS_EMBED_SWIFT_STANDARD_LIBRARIES = YES;
				CODE_SIGN_STYLE = Automatic;
				INFOPLIST_FILE = sidebarUITests/Info.plist;
				LD_RUNPATH_SEARCH_PATHS = (
					"$(inherited)",
					"@executable_path/Frameworks",
					"@loader_path/Frameworks",
				);
				PRODUCT_BUNDLE_IDENTIFIER = com.appsquadz.sidebarUITests;
				PRODUCT_NAME = "$(TARGET_NAME)";
				SWIFT_VERSION = 5.0;
				TARGETED_DEVICE_FAMILY = "1,2";
				TEST_TARGET_NAME = sidebar;
			};
			name = Debug;
		};
		BB432DB525FB762000F1B12B /* Release */ = {
			isa = XCBuildConfiguration;
			buildSettings = {
				ALWAYS_EMBED_SWIFT_STANDARD_LIBRARIES = YES;
				CODE_SIGN_STYLE = Automatic;
				INFOPLIST_FILE = sidebarUITests/Info.plist;
				LD_RUNPATH_SEARCH_PATHS = (
					"$(inherited)",
					"@executable_path/Frameworks",
					"@loader_path/Frameworks",
				);
				PRODUCT_BUNDLE_IDENTIFIER = com.appsquadz.sidebarUITests;
				PRODUCT_NAME = "$(TARGET_NAME)";
				SWIFT_VERSION = 5.0;
				TARGETED_DEVICE_FAMILY = "1,2";
				TEST_TARGET_NAME = sidebar;
			};
			name = Release;
		};
/* End XCBuildConfiguration section */

/* Begin XCConfigurationList section */
		BB432D8325FB761F00F1B12B /* Build configuration list for PBXProject "sidebar" */ = {
			isa = XCConfigurationList;
			buildConfigurations = (
				BB432DAB25FB762000F1B12B /* Debug */,
				BB432DAC25FB762000F1B12B /* Release */,
			);
			defaultConfigurationIsVisible = 0;
			defaultConfigurationName = Release;
		};
		BB432DAD25FB762000F1B12B /* Build configuration list for PBXNativeTarget "sidebar" */ = {
			isa = XCConfigurationList;
			buildConfigurations = (
				BB432DAE25FB762000F1B12B /* Debug */,
				BB432DAF25FB762000F1B12B /* Release */,
			);
			defaultConfigurationIsVisible = 0;
			defaultConfigurationName = Release;
		};
		BB432DB025FB762000F1B12B /* Build configuration list for PBXNativeTarget "sidebarTests" */ = {
			isa = XCConfigurationList;
			buildConfigurations = (
				BB432DB125FB762000F1B12B /* Debug */,
				BB432DB225FB762000F1B12B /* Release */,
			);
			defaultConfigurationIsVisible = 0;
			defaultConfigurationName = Release;
		};
		BB432DB325FB762000F1B12B /* Build configuration list for PBXNativeTarget "sidebarUITests" */ = {
			isa = XCConfigurationList;
			buildConfigurations = (
				BB432DB425FB762000F1B12B /* Debug */,
				BB432DB525FB762000F1B12B /* Release */,
			);
			defaultConfigurationIsVisible = 0;
			defaultConfigurationName = Release;
		};
/* End XCConfigurationList section */
	};
	rootObject = BB432D8025FB761F00F1B12B /* Project object */;
}
